{
  "nodes": {
    "flake-utils": {
      "locked": {
        "lastModified": 1638122382,
        "narHash": "sha256-sQzZzAbvKEqN9s0bzWuYmRaA03v40gaJ4+iL1LXjaeI=",
        "owner": "numtide",
        "repo": "flake-utils",
        "rev": "74f7e4319258e287b0f9cb95426c9853b282730b",
        "type": "github"
      },
      "original": {
        "owner": "numtide",
        "repo": "flake-utils",
        "type": "github"
      }
    },
    "hakyll-flakes": {
      "inputs": {
        "hakyll-sass-src": "hakyll-sass-src",
        "hakyll-src": "hakyll-src",
        "nixpkgs": "nixpkgs"
      },
      "locked": {
        "lastModified": 1623171131,
        "narHash": "sha256-AOqycGH5D8wf9QtfveKa/leyUkZm5XS8qh/k0e49PuA=",
        "owner": "Radvendii",
        "repo": "hakyll-flakes",
        "rev": "504993085102b6bd130c112bf3296b89643b5e93",
        "type": "github"
      },
      "original": {
        "owner": "Radvendii",
        "repo": "hakyll-flakes",
        "type": "github"
      }
    },
    "hakyll-sass-src": {
      "flake": false,
      "locked": {
        "lastModified": 1545090064,
        "narHash": "sha256-/d0zQwWDjHYym8Wwp2GiybMLn4AYS52kpOAYTWRbZDw=",
        "owner": "meoblast001",
        "repo": "hakyll-sass",
        "rev": "495060d23c2d99047c1448ded1f37fb0f88469e6",
        "type": "github"
      },
      "original": {
        "owner": "meoblast001",
        "ref": "release-0.2.4",
        "repo": "hakyll-sass",
        "type": "github"
      }
    },
    "hakyll-src": {
      "flake": false,
      "locked": {
        "lastModified": 1601467679,
        "narHash": "sha256-rWd5tSGyPB/vvlhOuDKC85onx2d5+lApTS1lqRJrwpg=",
        "owner": "jaspervdj",
        "repo": "hakyll",
        "rev": "e9a8139152b166eae75083259fc3e824675de6fb",
        "type": "github"
      },
      "original": {
        "owner": "jaspervdj",
        "ref": "v4.13.4.1",
        "repo": "hakyll",
        "type": "github"
      }
    },
    "nixpkgs": {
      "locked": {
        "lastModified": 1603791972,
        "narHash": "sha256-nj2SvACFH+NERpye1kudcuygCcvnsZYv26M2+wgM5vE=",
        "owner": "NixOS",
        "repo": "nixpkgs",
        "rev": "cd63096d6d887d689543a0b97743d28995bc9bc3",
        "type": "github"
      },
      "original": {
        "id": "nixpkgs",
        "ref": "20.09",
        "type": "indirect"
      }
    },
    "nixpkgs_2": {
      "locked": {
        "lastModified": 1641305604,
        "narHash": "sha256-EIswptnXBWnt+E4F6dBmdlOD0WQO4CLQGMcbCWkGbz8=",
        "owner": "nixos",
        "repo": "nixpkgs",
        "rev": "0a3b1759cfbcf69bcc405f9f57082093461f66ca",
        "type": "github"
      },
      "original": {
        "owner": "nixos",
        "repo": "nixpkgs",
        "type": "github"
      }
    },
    "root": {
      "inputs": {
        "flake-utils": "flake-utils",
        "hakyll-flakes": "hakyll-flakes",
        "nixpkgs": "nixpkgs_2"
      }
    }
  },
  "root": "root",
  "version": 7
}
